
Microsoft Visual Studio Solution File, Format Version 12.00
# Visual Studio Version 17
VisualStudioVersion = 17.11.35219.272
MinimumVisualStudioVersion = 10.0.40219.1
Project("{888888A0-9F3D-457C-B088-3A5042F75D52}") = "Listid", "Listid.pyproj", "{FC846D34-143F-4E36-AF08-20165CD9F8D7}"
EndProject
Global
	GlobalSection(SolutionConfigurationPlatforms) = preSolution
		Debug|Any CPU = Debug|Any CPU
		Release|Any CPU = Release|Any CPU
	EndGlobalSection
	GlobalSection(ProjectConfigurationPlatforms) = postSolution
		{FC846D34-143F-4E36-AF08-20165CD9F8D7}.Debug|Any CPU.ActiveCfg = Debug|Any CPU
		{FC846D34-143F-4E36-AF08-20165CD9F8D7}.Release|Any CPU.ActiveCfg = Release|Any CPU
	EndGlobalSection
	GlobalSection(SolutionProperties) = preSolution
		HideSolutionNode = FALSE
	EndGlobalSection
	GlobalSection(ExtensibilityGlobals) = postSolution
		SolutionGuid = {E1B552DC-FAC9-4EC8-A8EA-87481EB16799}
	EndGlobalSection
EndGlobal
